// !$*UTF8*$!
{
	archiveVersion = 1;
	classes = {
	};
	objectVersion = 46;
	objects = {

/* Begin PBXBuildFile section */
		9CC68F6F1810F9F400334820 /* Foundation.framework in Frameworks */ = {isa = PBXBuildFile; fileRef = 9CC68F6E1810F9F400334820 /* Foundation.framework */; };
		9CC68F711810F9F400334820 /* CoreGraphics.framework in Frameworks */ = {isa = PBXBuildFile; fileRef = 9CC68F701810F9F400334820 /* CoreGraphics.framework */; };
		9CC68F731810F9F400334820 /* UIKit.framework in Frameworks */ = {isa = PBXBuildFile; fileRef = 9CC68F721810F9F400334820 /* UIKit.framework */; };
		9CC68F791810F9F400334820 /* InfoPlist.strings in Resources */ = {isa = PBXBuildFile; fileRef = 9CC68F771810F9F400334820 /* InfoPlist.strings */; };
		9CC68F7B1810F9F400334820 /* main.m in Sources */ = {isa = PBXBuildFile; fileRef = 9CC68F7A1810F9F400334820 /* main.m */; };
		9CC68F7F1810F9F400334820 /* AppDelegate.m in Sources */ = {isa = PBXBuildFile; fileRef = 9CC68F7E1810F9F400334820 /* AppDelegate.m */; };
		9CC68F821810F9F400334820 /* Main.storyboard in Resources */ = {isa = PBXBuildFile; fileRef = 9CC68F801810F9F400334820 /* Main.storyboard */; };
		9CC68F851810F9F400334820 /* ViewController.m in Sources */ = {isa = PBXBuildFile; fileRef = 9CC68F841810F9F400334820 /* ViewController.m */; };
		9CC68F871810F9F400334820 /* Images.xcassets in Resources */ = {isa = PBXBuildFile; fileRef = 9CC68F861810F9F400334820 /* Images.xcassets */; };
		9CC68F8E1810F9F400334820 /* XCTest.framework in Frameworks */ = {isa = PBXBuildFile; fileRef = 9CC68F8D1810F9F400334820 /* XCTest.framework */; };
		9CC68F8F1810F9F400334820 /* Foundation.framework in Frameworks */ = {isa = PBXBuildFile; fileRef = 9CC68F6E1810F9F400334820 /* Foundation.framework */; };
		9CC68F901810F9F400334820 /* UIKit.framework in Frameworks */ = {isa = PBXBuildFile; fileRef = 9CC68F721810F9F400334820 /* UIKit.framework */; };
		9CC68F981810F9F400334820 /* InfoPlist.strings in Resources */ = {isa = PBXBuildFile; fileRef = 9CC68F961810F9F400334820 /* InfoPlist.strings */; };
		9CC68F9A1810F9F400334820 /* _____Tests.m in Sources */ = {isa = PBXBuildFile; fileRef = 9CC68F991810F9F400334820 /* _____Tests.m */; };
		9CC68FA51810FA7E00334820 /* Button.m in Sources */ = {isa = PBXBuildFile; fileRef = 9CC68FA41810FA7E00334820 /* Button.m */; };
		9CC68FAB1810FD9C00334820 /* but.m in Sources */ = {isa = PBXBuildFile; fileRef = 9CC68FAA1810FD9C00334820 /* but.m */; };
		9CC68FBC1811003700334820 /* button1.png in Resources */ = {isa = PBXBuildFile; fileRef = 9CC68FB81811003700334820 /* button1.png */; };
		9CC68FBD1811003700334820 /* button2.png in Resources */ = {isa = PBXBuildFile; fileRef = 9CC68FB91811003700334820 /* button2.png */; };
		9CC68FBE1811003700334820 /* button3.png in Resources */ = {isa = PBXBuildFile; fileRef = 9CC68FBA1811003700334820 /* button3.png */; };
		9CC68FBF1811003700334820 /* button4.png in Resources */ = {isa = PBXBuildFile; fileRef = 9CC68FBB1811003700334820 /* button4.png */; };
/* End PBXBuildFile section */

/* Begin PBXContainerItemProxy section */
		9CC68F911810F9F400334820 /* PBXContainerItemProxy */ = {
			isa = PBXContainerItemProxy;
			containerPortal = 9CC68F631810F9F400334820 /* Project object */;
			proxyType = 1;
			remoteGlobalIDString = 9CC68F6A1810F9F400334820;
			remoteInfo = "弹出式按钮";
		};
/* End PBXContainerItemProxy section */

/* Begin PBXFileReference section */
		9CC68F6B1810F9F400334820 /* 弹出式按钮.app */ = {isa = PBXFileReference; explicitFileType = wrapper.application; includeInIndex = 0; path = "弹出式按钮.app"; sourceTree = BUILT_PRODUCTS_DIR; };
		9CC68F6E1810F9F400334820 /* Foundation.framework */ = {isa = PBXFileReference; lastKnownFileType = wrapper.framework; name = Foundation.framework; path = System/Library/Frameworks/Foundation.framework; sourceTree = SDKROOT; };
		9CC68F701810F9F400334820 /* CoreGraphics.framework */ = {isa = PBXFileReference; lastKnownFileType = wrapper.framework; name = CoreGraphics.framework; path = System/Library/Frameworks/CoreGraphics.framework; sourceTree = SDKROOT; };
		9CC68F721810F9F400334820 /* UIKit.framework */ = {isa = PBXFileReference; lastKnownFileType = wrapper.framework; name = UIKit.framework; path = System/Library/Frameworks/UIKit.framework; sourceTree = SDKROOT; };
		9CC68F761810F9F400334820 /* 弹出式按钮-Info.plist */ = {isa = PBXFileReference; lastKnownFileType = text.plist.xml; path = "弹出式按钮-Info.plist"; sourceTree = "<group>"; };
		9CC68F781810F9F400334820 /* en */ = {isa = PBXFileReference; lastKnownFileType = text.plist.strings; name = en; path = en.lproj/InfoPlist.strings; sourceTree = "<group>"; };
		9CC68F7A1810F9F400334820 /* main.m */ = {isa = PBXFileReference; lastKnownFileType = sourcecode.c.objc; path = main.m; sourceTree = "<group>"; };
		9CC68F7C1810F9F400334820 /* 弹出式按钮-Prefix.pch */ = {isa = PBXFileReference; lastKnownFileType = sourcecode.c.h; path = "弹出式按钮-Prefix.pch"; sourceTree = "<group>"; };
		9CC68F7D1810F9F400334820 /* AppDelegate.h */ = {isa = PBXFileReference; lastKnownFileType = sourcecode.c.h; path = AppDelegate.h; sourceTree = "<group>"; };
		9CC68F7E1810F9F400334820 /* AppDelegate.m */ = {isa = PBXFileReference; lastKnownFileType = sourcecode.c.objc; path = AppDelegate.m; sourceTree = "<group>"; };
		9CC68F811810F9F400334820 /* Base */ = {isa = PBXFileReference; lastKnownFileType = file.storyboard; name = Base; path = Base.lproj/Main.storyboard; sourceTree = "<group>"; };
		9CC68F831810F9F400334820 /* ViewController.h */ = {isa = PBXFileReference; lastKnownFileType = sourcecode.c.h; path = ViewController.h; sourceTree = "<group>"; };
		9CC68F841810F9F400334820 /* ViewController.m */ = {isa = PBXFileReference; lastKnownFileType = sourcecode.c.objc; path = ViewController.m; sourceTree = "<group>"; };
		9CC68F861810F9F400334820 /* Images.xcassets */ = {isa = PBXFileReference; lastKnownFileType = folder.assetcatalog; path = Images.xcassets; sourceTree = "<group>"; };
		9CC68F8C1810F9F400334820 /* 弹出式按钮Tests.xctest */ = {isa = PBXFileReference; explicitFileType = wrapper.cfbundle; includeInIndex = 0; path = "弹出式按钮Tests.xctest"; sourceTree = BUILT_PRODUCTS_DIR; };
		9CC68F8D1810F9F400334820 /* XCTest.framework */ = {isa = PBXFileReference; lastKnownFileType = wrapper.framework; name = XCTest.framework; path = Library/Frameworks/XCTest.framework; sourceTree = DEVELOPER_DIR; };
		9CC68F951810F9F400334820 /* 弹出式按钮Tests-Info.plist */ = {isa = PBXFileReference; lastKnownFileType = text.plist.xml; path = "弹出式按钮Tests-Info.plist"; sourceTree = "<group>"; };
		9CC68F971810F9F400334820 /* en */ = {isa = PBXFileReference; lastKnownFileType = text.plist.strings; name = en; path = en.lproj/InfoPlist.strings; sourceTree = "<group>"; };
		9CC68F991810F9F400334820 /* _____Tests.m */ = {isa = PBXFileReference; lastKnownFileType = sourcecode.c.objc; path = "_____Tests.m"; sourceTree = "<group>"; };
		9CC68FA31810FA7E00334820 /* Button.h */ = {isa = PBXFileReference; fileEncoding = 4; lastKnownFileType = sourcecode.c.h; path = Button.h; sourceTree = "<group>"; };
		9CC68FA41810FA7E00334820 /* Button.m */ = {isa = PBXFileReference; fileEncoding = 4; lastKnownFileType = sourcecode.c.objc; path = Button.m; sourceTree = "<group>"; };
		9CC68FA91810FD9C00334820 /* but.h */ = {isa = PBXFileReference; fileEncoding = 4; lastKnownFileType = sourcecode.c.h; path = but.h; sourceTree = "<group>"; };
		9CC68FAA1810FD9C00334820 /* but.m */ = {isa = PBXFileReference; fileEncoding = 4; lastKnownFileType = sourcecode.c.objc; path = but.m; sourceTree = "<group>"; };
		9CC68FB81811003700334820 /* button1.png */ = {isa = PBXFileReference; lastKnownFileType = image.png; path = button1.png; sourceTree = SOURCE_ROOT; };
		9CC68FB91811003700334820 /* button2.png */ = {isa = PBXFileReference; lastKnownFileType = image.png; path = button2.png; sourceTree = SOURCE_ROOT; };
		9CC68FBA1811003700334820 /* button3.png */ = {isa = PBXFileReference; lastKnownFileType = image.png; path = button3.png; sourceTree = SOURCE_ROOT; };
		9CC68FBB1811003700334820 /* button4.png */ = {isa = PBXFileReference; lastKnownFileType = image.png; path = button4.png; sourceTree = SOURCE_ROOT; };
/* End PBXFileReference section */

/* Begin PBXFrameworksBuildPhase section */
		9CC68F681810F9F400334820 /* Frameworks */ = {
			isa = PBXFrameworksBuildPhase;
			buildActionMask = 2147483647;
			files = (
				9CC68F711810F9F400334820 /* CoreGraphics.framework in Frameworks */,
				9CC68F731810F9F400334820 /* UIKit.framework in Frameworks */,
				9CC68F6F1810F9F400334820 /* Foundation.framework in Frameworks */,
			);
			runOnlyForDeploymentPostprocessing = 0;
		};
		9CC68F891810F9F400334820 /* Frameworks */ = {
			isa = PBXFrameworksBuildPhase;
			buildActionMask = 2147483647;
			files = (
				9CC68F8E1810F9F400334820 /* XCTest.framework in Frameworks */,
				9CC68F901810F9F400334820 /* UIKit.framework in Frameworks */,
				9CC68F8F1810F9F400334820 /* Foundation.framework in Frameworks */,
			);
			runOnlyForDeploymentPostprocessing = 0;
		};
/* End PBXFrameworksBuildPhase section */

/* Begin PBXGroup section */
		9CC68F621810F9F400334820 = {
			isa = PBXGroup;
			children = (
				9CC68FA91810FD9C00334820 /* but.h */,
				9CC68FAA1810FD9C00334820 /* but.m */,
				9CC68FA31810FA7E00334820 /* Button.h */,
				9CC68FA41810FA7E00334820 /* Button.m */,
				9CC68F741810F9F400334820 /* 弹出式按钮 */,
				9CC68F931810F9F400334820 /* 弹出式按钮Tests */,
				9CC68F6D1810F9F400334820 /* Frameworks */,
				9CC68F6C1810F9F400334820 /* Products */,
			);
			sourceTree = "<group>";
		};
		9CC68F6C1810F9F400334820 /* Products */ = {
			isa = PBXGroup;
			children = (
				9CC68F6B1810F9F400334820 /* 弹出式按钮.app */,
				9CC68F8C1810F9F400334820 /* 弹出式按钮Tests.xctest */,
			);
			name = Products;
			sourceTree = "<group>";
		};
		9CC68F6D1810F9F400334820 /* Frameworks */ = {
			isa = PBXGroup;
			children = (
				9CC68F6E1810F9F400334820 /* Foundation.framework */,
				9CC68F701810F9F400334820 /* CoreGraphics.framework */,
				9CC68F721810F9F400334820 /* UIKit.framework */,
				9CC68F8D1810F9F400334820 /* XCTest.framework */,
			);
			name = Frameworks;
			sourceTree = "<group>";
		};
		9CC68F741810F9F400334820 /* 弹出式按钮 */ = {
			isa = PBXGroup;
			children = (
				9CC68F7D1810F9F400334820 /* AppDelegate.h */,
				9CC68F7E1810F9F400334820 /* AppDelegate.m */,
				9CC68F801810F9F400334820 /* Main.storyboard */,
				9CC68F831810F9F400334820 /* ViewController.h */,
				9CC68F841810F9F400334820 /* ViewController.m */,
				9CC68F861810F9F400334820 /* Images.xcassets */,
				9CC68F751810F9F400334820 /* Supporting Files */,
			);
			path = "弹出式按钮";
			sourceTree = "<group>";
		};
		9CC68F751810F9F400334820 /* Supporting Files */ = {
			isa = PBXGroup;
			children = (
				9CC68F761810F9F400334820 /* 弹出式按钮-Info.plist */,
				9CC68FB81811003700334820 /* button1.png */,
				9CC68FB91811003700334820 /* button2.png */,
				9CC68FBA1811003700334820 /* button3.png */,
				9CC68FBB1811003700334820 /* button4.png */,
				9CC68F771810F9F400334820 /* InfoPlist.strings */,
				9CC68F7A1810F9F400334820 /* main.m */,
				9CC68F7C1810F9F400334820 /* 弹出式按钮-Prefix.pch */,
			);
			name = "Supporting Files";
			sourceTree = "<group>";
		};
		9CC68F931810F9F400334820 /* 弹出式按钮Tests */ = {
			isa = PBXGroup;
			children = (
				9CC68F991810F9F400334820 /* _____Tests.m */,
				9CC68F941810F9F400334820 /* Supporting Files */,
			);
			path = "弹出式按钮Tests";
			sourceTree = "<group>";
		};
		9CC68F941810F9F400334820 /* Supporting Files */ = {
			isa = PBXGroup;
			children = (
				9CC68F951810F9F400334820 /* 弹出式按钮Tests-Info.plist */,
				9CC68F961810F9F400334820 /* InfoPlist.strings */,
			);
			name = "Supporting Files";
			sourceTree = "<group>";
		};
/* End PBXGroup section */

/* Begin PBXNativeTarget section */
		9CC68F6A1810F9F400334820 /* 弹出式按钮 */ = {
			isa = PBXNativeTarget;
			buildConfigurationList = 9CC68F9D1810F9F400334820 /* Build configuration list for PBXNativeTarget "弹出式按钮" */;
			buildPhases = (
				9CC68F671810F9F400334820 /* Sources */,
				9CC68F681810F9F400334820 /* Frameworks */,
				9CC68F691810F9F400334820 /* Resources */,
			);
			buildRules = (
			);
			dependencies = (
			);
			name = "弹出式按钮";
			productName = "弹出式按钮";
			productReference = 9CC68F6B1810F9F400334820 /* 弹出式按钮.app */;
			productType = "com.apple.product-type.application";
		};
		9CC68F8B1810F9F400334820 /* 弹出式按钮Tests */ = {
			isa = PBXNativeTarget;
			buildConfigurationList = 9CC68FA01810F9F400334820 /* Build configuration list for PBXNativeTarget "弹出式按钮Tests" */;
			buildPhases = (
				9CC68F881810F9F400334820 /* Sources */,
				9CC68F891810F9F400334820 /* Frameworks */,
				9CC68F8A1810F9F400334820 /* Resources */,
			);
			buildRules = (
			);
			dependencies = (
				9CC68F921810F9F400334820 /* PBXTargetDependency */,
			);
			name = "弹出式按钮Tests";
			productName = "弹出式按钮Tests";
			productReference = 9CC68F8C1810F9F400334820 /* 弹出式按钮Tests.xctest */;
			productType = "com.apple.product-type.bundle.unit-test";
		};
/* End PBXNativeTarget section */

/* Begin PBXProject section */
		9CC68F631810F9F400334820 /* Project object */ = {
			isa = PBXProject;
			attributes = {
				LastUpgradeCheck = 0500;
				ORGANIZATIONNAME = Love;
				TargetAttributes = {
					9CC68F8B1810F9F400334820 = {
						TestTargetID = 9CC68F6A1810F9F400334820;
					};
				};
			};
			buildConfigurationList = 9CC68F661810F9F400334820 /* Build configuration list for PBXProject "弹出式按钮" */;
			compatibilityVersion = "Xcode 3.2";
			developmentRegion = English;
			hasScannedForEncodings = 0;
			knownRegions = (
				en,
				Base,
			);
			mainGroup = 9CC68F621810F9F400334820;
			productRefGroup = 9CC68F6C1810F9F400334820 /* Products */;
			projectDirPath = "";
			projectRoot = "";
			targets = (
				9CC68F6A1810F9F400334820 /* 弹出式按钮 */,
				9CC68F8B1810F9F400334820 /* 弹出式按钮Tests */,
			);
		};
/* End PBXProject section */

/* Begin PBXResourcesBuildPhase section */
		9CC68F691810F9F400334820 /* Resources */ = {
			isa = PBXResourcesBuildPhase;
			buildActionMask = 2147483647;
			files = (
				9CC68F871810F9F400334820 /* Images.xcassets in Resources */,
				9CC68F791810F9F400334820 /* InfoPlist.strings in Resources */,
				9CC68FBD1811003700334820 /* button2.png in Resources */,
				9CC68F821810F9F400334820 /* Main.storyboard in Resources */,
				9CC68FBC1811003700334820 /* button1.png in Resources */,
				9CC68FBF1811003700334820 /* button4.png in Resources */,
				9CC68FBE1811003700334820 /* button3.png in Resources */,
			);
			runOnlyForDeploymentPostprocessing = 0;
		};
		9CC68F8A1810F9F400334820 /* Resources */ = {
			isa = PBXResourcesBuildPhase;
			buildActionMask = 2147483647;
			files = (
				9CC68F981810F9F400334820 /* InfoPlist.strings in Resources */,
			);
			runOnlyForDeploymentPostprocessing = 0;
		};
/* End PBXResourcesBuildPhase section */

/* Begin PBXSourcesBuildPhase section */
		9CC68F671810F9F400334820 /* Sources */ = {
			isa = PBXSourcesBuildPhase;
			buildActionMask = 2147483647;
			files = (
				9CC68F851810F9F400334820 /* ViewController.m in Sources */,
				9CC68F7F1810F9F400334820 /* AppDelegate.m in Sources */,
				9CC68FAB1810FD9C00334820 /* but.m in Sources */,
				9CC68F7B1810F9F400334820 /* main.m in Sources */,
				9CC68FA51810FA7E00334820 /* Button.m in Sources */,
			);
			runOnlyForDeploymentPostprocessing = 0;
		};
		9CC68F881810F9F400334820 /* Sources */ = {
			isa = PBXSourcesBuildPhase;
			buildActionMask = 2147483647;
			files = (
				9CC68F9A1810F9F400334820 /* _____Tests.m in Sources */,
			);
			runOnlyForDeploymentPostprocessing = 0;
		};
/* End PBXSourcesBuildPhase section */

/* Begin PBXTargetDependency section */
		9CC68F921810F9F400334820 /* PBXTargetDependency */ = {
			isa = PBXTargetDependency;
			target = 9CC68F6A1810F9F400334820 /* 弹出式按钮 */;
			targetProxy = 9CC68F911810F9F400334820 /* PBXContainerItemProxy */;
		};
/* End PBXTargetDependency section */

/* Begin PBXVariantGroup section */
		9CC68F771810F9F400334820 /* InfoPlist.strings */ = {
			isa = PBXVariantGroup;
			children = (
				9CC68F781810F9F400334820 /* en */,
			);
			name = InfoPlist.strings;
			sourceTree = "<group>";
		};
		9CC68F801810F9F400334820 /* Main.storyboard */ = {
			isa = PBXVariantGroup;
			children = (
				9CC68F811810F9F400334820 /* Base */,
			);
			name = Main.storyboard;
			sourceTree = "<group>";
		};
		9CC68F961810F9F400334820 /* InfoPlist.strings */ = {
			isa = PBXVariantGroup;
			children = (
				9CC68F971810F9F400334820 /* en */,
			);
			name = InfoPlist.strings;
			sourceTree = "<group>";
		};
/* End PBXVariantGroup section */

/* Begin XCBuildConfiguration section */
		9CC68F9B1810F9F400334820 /* Debug */ = {
			isa = XCBuildConfiguration;
			buildSettings = {
				ALWAYS_SEARCH_USER_PATHS = NO;
				ARCHS = "$(ARCHS_STANDARD_INCLUDING_64_BIT)";
				CLANG_CXX_LANGUAGE_STANDARD = "gnu++0x";
				CLANG_CXX_LIBRARY = "libc++";
				CLANG_ENABLE_MODULES = YES;
				CLANG_ENABLE_OBJC_ARC = YES;
				CLANG_WARN_BOOL_CONVERSION = YES;
				CLANG_WARN_CONSTANT_CONVERSION = YES;
				CLANG_WARN_DIRECT_OBJC_ISA_USAGE = YES_ERROR;
				CLANG_WARN_EMPTY_BODY = YES;
				CLANG_WARN_ENUM_CONVERSION = YES;
				CLANG_WARN_INT_CONVERSION = YES;
				CLANG_WARN_OBJC_ROOT_CLASS = YES_ERROR;
				CLANG_WARN__DUPLICATE_METHOD_MATCH = YES;
				"CODE_SIGN_IDENTITY[sdk=iphoneos*]" = "iPhone Developer";
				COPY_PHASE_STRIP = NO;
				GCC_C_LANGUAGE_STANDARD = gnu99;
				GCC_DYNAMIC_NO_PIC = NO;
				GCC_OPTIMIZATION_LEVEL = 0;
				GCC_PREPROCESSOR_DEFINITIONS = (
					"DEBUG=1",
					"$(inherited)",
				);
				GCC_SYMBOLS_PRIVATE_EXTERN = NO;
				GCC_WARN_64_TO_32_BIT_CONVERSION = YES;
				GCC_WARN_ABOUT_RETURN_TYPE = YES_ERROR;
				GCC_WARN_UNDECLARED_SELECTOR = YES;
				GCC_WARN_UNINITIALIZED_AUTOS = YES;
				GCC_WARN_UNUSED_FUNCTION = YES;
				GCC_WARN_UNUSED_VARIABLE = YES;
				IPHONEOS_DEPLOYMENT_TARGET = 7.0;
				ONLY_ACTIVE_ARCH = YES;
				SDKROOT = iphoneos;
			};
			name = Debug;
		};
		9CC68F9C1810F9F400334820 /* Release */ = {
			isa = XCBuildConfiguration;
			buildSettings = {
				ALWAYS_SEARCH_USER_PATHS = NO;
				ARCHS = "$(ARCHS_STANDARD_INCLUDING_64_BIT)";
				CLANG_CXX_LANGUAGE_STANDARD = "gnu++0x";
				CLANG_CXX_LIBRARY = "libc++";
				CLANG_ENABLE_MODULES = YES;
				CLANG_ENABLE_OBJC_ARC = YES;
				CLANG_WARN_BOOL_CONVERSION = YES;
				CLANG_WARN_CONSTANT_CONVERSION = YES;
				CLANG_WARN_DIRECT_OBJC_ISA_USAGE = YES_ERROR;
				CLANG_WARN_EMPTY_BODY = YES;
				CLANG_WARN_ENUM_CONVERSION = YES;
				CLANG_WARN_INT_CONVERSION = YES;
				CLANG_WARN_OBJC_ROOT_CLASS = YES_ERROR;
				CLANG_WARN__DUPLICATE_METHOD_MATCH = YES;
				"CODE_SIGN_IDENTITY[sdk=iphoneos*]" = "iPhone Developer";
				COPY_PHASE_STRIP = YES;
				ENABLE_NS_ASSERTIONS = NO;
				GCC_C_LANGUAGE_STANDARD = gnu99;
				GCC_WARN_64_TO_32_BIT_CONVERSION = YES;
				GCC_WARN_ABOUT_RETURN_TYPE = YES_ERROR;
				GCC_WARN_UNDECLARED_SELECTOR = YES;
				GCC_WARN_UNINITIALIZED_AUTOS = YES;
				GCC_WARN_UNUSED_FUNCTION = YES;
				GCC_WARN_UNUSED_VARIABLE = YES;
				IPHONEOS_DEPLOYMENT_TARGET = 7.0;
				SDKROOT = iphoneos;
				VALIDATE_PRODUCT = YES;
			};
			name = Release;
		};
		9CC68F9E1810F9F400334820 /* Debug */ = {
			isa = XCBuildConfiguration;
			buildSettings = {
				ASSETCATALOG_COMPILER_APPICON_NAME = AppIcon;
				ASSETCATALOG_COMPILER_LAUNCHIMAGE_NAME = LaunchImage;
				GCC_PRECOMPILE_PREFIX_HEADER = YES;
				GCC_PREFIX_HEADER = "弹出式按钮/弹出式按钮-Prefix.pch";
				INFOPLIST_FILE = "弹出式按钮/弹出式按钮-Info.plist";
				PRODUCT_NAME = "$(TARGET_NAME)";
				WRAPPER_EXTENSION = app;
			};
			name = Debug;
		};
		9CC68F9F1810F9F400334820 /* Release */ = {
			isa = XCBuildConfiguration;
			buildSettings = {
				ASSETCATALOG_COMPILER_APPICON_NAME = AppIcon;
				ASSETCATALOG_COMPILER_LAUNCHIMAGE_NAME = LaunchImage;
				GCC_PRECOMPILE_PREFIX_HEADER = YES;
				GCC_PREFIX_HEADER = "弹出式按钮/弹出式按钮-Prefix.pch";
				INFOPLIST_FILE = "弹出式按钮/弹出式按钮-Info.plist";
				PRODUCT_NAME = "$(TARGET_NAME)";
				WRAPPER_EXTENSION = app;
			};
			name = Release;
		};
		9CC68FA11810F9F400334820 /* Debug */ = {
			isa = XCBuildConfiguration;
			buildSettings = {
				ARCHS = "$(ARCHS_STANDARD_INCLUDING_64_BIT)";
				BUNDLE_LOADER = "$(BUILT_PRODUCTS_DIR)/弹出式按钮.app/弹出式按钮";
				FRAMEWORK_SEARCH_PATHS = (
					"$(SDKROOT)/Developer/Library/Frameworks",
					"$(inherited)",
					"$(DEVELOPER_FRAMEWORKS_DIR)",
				);
				GCC_PRECOMPILE_PREFIX_HEADER = YES;
				GCC_PREFIX_HEADER = "弹出式按钮/弹出式按钮-Prefix.pch";
				GCC_PREPROCESSOR_DEFINITIONS = (
					"DEBUG=1",
					"$(inherited)",
				);
				INFOPLIST_FILE = "弹出式按钮Tests/弹出式按钮Tests-Info.plist";
				PRODUCT_NAME = "$(TARGET_NAME)";
				TEST_HOST = "$(BUNDLE_LOADER)";
				WRAPPER_EXTENSION = xctest;
			};
			name = Debug;
		};
		9CC68FA21810F9F400334820 /* Release */ = {
			isa = XCBuildConfiguration;
			buildSettings = {
				ARCHS = "$(ARCHS_STANDARD_INCLUDING_64_BIT)";
				BUNDLE_LOADER = "$(BUILT_PRODUCTS_DIR)/弹出式按钮.app/弹出式按钮";
				FRAMEWORK_SEARCH_PATHS = (
					"$(SDKROOT)/Developer/Library/Frameworks",
					"$(inherited)",
					"$(DEVELOPER_FRAMEWORKS_DIR)",
				);
				GCC_PRECOMPILE_PREFIX_HEADER = YES;
				GCC_PREFIX_HEADER = "弹出式按钮/弹出式按钮-Prefix.pch";
				INFOPLIST_FILE = "弹出式按钮Tests/弹出式按钮Tests-Info.plist";
				PRODUCT_NAME = "$(TARGET_NAME)";
				TEST_HOST = "$(BUNDLE_LOADER)";
				WRAPPER_EXTENSION = xctest;
			};
			name = Release;
		};
/* End XCBuildConfiguration section */

/* Begin XCConfigurationList section */
		9CC68F661810F9F400334820 /* Build configuration list for PBXProject "弹出式按钮" */ = {
			isa = XCConfigurationList;
			buildConfigurations = (
				9CC68F9B1810F9F400334820 /* Debug */,
				9CC68F9C1810F9F400334820 /* Release */,
			);
			defaultConfigurationIsVisible = 0;
			defaultConfigurationName = Release;
		};
		9CC68F9D1810F9F400334820 /* Build configuration list for PBXNativeTarget "弹出式按钮" */ = {
			isa = XCConfigurationList;
			buildConfigurations = (
				9CC68F9E1810F9F400334820 /* Debug */,
				9CC68F9F1810F9F400334820 /* Release */,
			);
			defaultConfigurationIsVisible = 0;
		};
		9CC68FA01810F9F400334820 /* Build configuration list for PBXNativeTarget "弹出式按钮Tests" */ = {
			isa = XCConfigurationList;
			buildConfigurations = (
				9CC68FA11810F9F400334820 /* Debug */,
				9CC68FA21810F9F400334820 /* Release */,
			);
			defaultConfigurationIsVisible = 0;
		};
/* End XCConfigurationList section */
	};
	rootObject = 9CC68F631810F9F400334820 /* Project object */;
}
