// !$*UTF8*$!
{
	archiveVersion = 1;
	classes = {
	};
	objectVersion = 50;
	objects = {

/* Begin PBXBuildFile section */
		0413BE6B23C7659E00275C30 /* AppDelegate.m in Sources */ = {isa = PBXBuildFile; fileRef = 0413BE6A23C7659E00275C30 /* AppDelegate.m */; };
		0413BE6E23C7659F00275C30 /* SceneDelegate.m in Sources */ = {isa = PBXBuildFile; fileRef = 0413BE6D23C7659F00275C30 /* SceneDelegate.m */; };
		0413BE7123C7659F00275C30 /* ViewController.m in Sources */ = {isa = PBXBuildFile; fileRef = 0413BE7023C7659F00275C30 /* ViewController.m */; };
		0413BE7423C7659F00275C30 /* Main.storyboard in Resources */ = {isa = PBXBuildFile; fileRef = 0413BE7223C7659F00275C30 /* Main.storyboard */; };
		0413BE7623C765A100275C30 /* Assets.xcassets in Resources */ = {isa = PBXBuildFile; fileRef = 0413BE7523C765A100275C30 /* Assets.xcassets */; };
		0413BE7923C765A100275C30 /* LaunchScreen.storyboard in Resources */ = {isa = PBXBuildFile; fileRef = 0413BE7723C765A100275C30 /* LaunchScreen.storyboard */; };
		0413BE7C23C765A100275C30 /* main.m in Sources */ = {isa = PBXBuildFile; fileRef = 0413BE7B23C765A100275C30 /* main.m */; };
		0413BE8423C766BE00275C30 /* ProgressLayer.m in Sources */ = {isa = PBXBuildFile; fileRef = 0413BE8323C766BE00275C30 /* ProgressLayer.m */; };
		0413BE8723C76C8E00275C30 /* ProgressView.m in Sources */ = {isa = PBXBuildFile; fileRef = 0413BE8623C76C8E00275C30 /* ProgressView.m */; };
		0413BE8A23C8134200275C30 /* ProgressPlay.m in Sources */ = {isa = PBXBuildFile; fileRef = 0413BE8923C8134200275C30 /* ProgressPlay.m */; };
/* End PBXBuildFile section */

/* Begin PBXFileReference section */
		0413BE6623C7659E00275C30 /* ProgressButton.app */ = {isa = PBXFileReference; explicitFileType = wrapper.application; includeInIndex = 0; path = ProgressButton.app; sourceTree = BUILT_PRODUCTS_DIR; };
		0413BE6923C7659E00275C30 /* AppDelegate.h */ = {isa = PBXFileReference; lastKnownFileType = sourcecode.c.h; path = AppDelegate.h; sourceTree = "<group>"; };
		0413BE6A23C7659E00275C30 /* AppDelegate.m */ = {isa = PBXFileReference; lastKnownFileType = sourcecode.c.objc; path = AppDelegate.m; sourceTree = "<group>"; };
		0413BE6C23C7659E00275C30 /* SceneDelegate.h */ = {isa = PBXFileReference; lastKnownFileType = sourcecode.c.h; path = SceneDelegate.h; sourceTree = "<group>"; };
		0413BE6D23C7659F00275C30 /* SceneDelegate.m */ = {isa = PBXFileReference; lastKnownFileType = sourcecode.c.objc; path = SceneDelegate.m; sourceTree = "<group>"; };
		0413BE6F23C7659F00275C30 /* ViewController.h */ = {isa = PBXFileReference; lastKnownFileType = sourcecode.c.h; path = ViewController.h; sourceTree = "<group>"; };
		0413BE7023C7659F00275C30 /* ViewController.m */ = {isa = PBXFileReference; lastKnownFileType = sourcecode.c.objc; path = ViewController.m; sourceTree = "<group>"; };
		0413BE7323C7659F00275C30 /* Base */ = {isa = PBXFileReference; lastKnownFileType = file.storyboard; name = Base; path = Base.lproj/Main.storyboard; sourceTree = "<group>"; };
		0413BE7523C765A100275C30 /* Assets.xcassets */ = {isa = PBXFileReference; lastKnownFileType = folder.assetcatalog; path = Assets.xcassets; sourceTree = "<group>"; };
		0413BE7823C765A100275C30 /* Base */ = {isa = PBXFileReference; lastKnownFileType = file.storyboard; name = Base; path = Base.lproj/LaunchScreen.storyboard; sourceTree = "<group>"; };
		0413BE7A23C765A100275C30 /* Info.plist */ = {isa = PBXFileReference; lastKnownFileType = text.plist.xml; path = Info.plist; sourceTree = "<group>"; };
		0413BE7B23C765A100275C30 /* main.m */ = {isa = PBXFileReference; lastKnownFileType = sourcecode.c.objc; path = main.m; sourceTree = "<group>"; };
		0413BE8223C766BE00275C30 /* ProgressLayer.h */ = {isa = PBXFileReference; lastKnownFileType = sourcecode.c.h; path = ProgressLayer.h; sourceTree = "<group>"; };
		0413BE8323C766BE00275C30 /* ProgressLayer.m */ = {isa = PBXFileReference; lastKnownFileType = sourcecode.c.objc; path = ProgressLayer.m; sourceTree = "<group>"; };
		0413BE8523C76C8E00275C30 /* ProgressView.h */ = {isa = PBXFileReference; lastKnownFileType = sourcecode.c.h; path = ProgressView.h; sourceTree = "<group>"; };
		0413BE8623C76C8E00275C30 /* ProgressView.m */ = {isa = PBXFileReference; lastKnownFileType = sourcecode.c.objc; path = ProgressView.m; sourceTree = "<group>"; };
		0413BE8823C8134200275C30 /* ProgressPlay.h */ = {isa = PBXFileReference; lastKnownFileType = sourcecode.c.h; path = ProgressPlay.h; sourceTree = "<group>"; };
		0413BE8923C8134200275C30 /* ProgressPlay.m */ = {isa = PBXFileReference; lastKnownFileType = sourcecode.c.objc; path = ProgressPlay.m; sourceTree = "<group>"; };
/* End PBXFileReference section */

/* Begin PBXFrameworksBuildPhase section */
		0413BE6323C7659E00275C30 /* Frameworks */ = {
			isa = PBXFrameworksBuildPhase;
			buildActionMask = 2147483647;
			files = (
			);
			runOnlyForDeploymentPostprocessing = 0;
		};
/* End PBXFrameworksBuildPhase section */

/* Begin PBXGroup section */
		0413BE5D23C7659E00275C30 = {
			isa = PBXGroup;
			children = (
				0413BE6823C7659E00275C30 /* ProgressButton */,
				0413BE6723C7659E00275C30 /* Products */,
			);
			sourceTree = "<group>";
		};
		0413BE6723C7659E00275C30 /* Products */ = {
			isa = PBXGroup;
			children = (
				0413BE6623C7659E00275C30 /* ProgressButton.app */,
			);
			name = Products;
			sourceTree = "<group>";
		};
		0413BE6823C7659E00275C30 /* ProgressButton */ = {
			isa = PBXGroup;
			children = (
				0413BE6923C7659E00275C30 /* AppDelegate.h */,
				0413BE6A23C7659E00275C30 /* AppDelegate.m */,
				0413BE6C23C7659E00275C30 /* SceneDelegate.h */,
				0413BE6D23C7659F00275C30 /* SceneDelegate.m */,
				0413BE6F23C7659F00275C30 /* ViewController.h */,
				0413BE7023C7659F00275C30 /* ViewController.m */,
				0413BE7223C7659F00275C30 /* Main.storyboard */,
				0413BE7523C765A100275C30 /* Assets.xcassets */,
				0413BE7723C765A100275C30 /* LaunchScreen.storyboard */,
				0413BE7A23C765A100275C30 /* Info.plist */,
				0413BE7B23C765A100275C30 /* main.m */,
				0413BE8223C766BE00275C30 /* ProgressLayer.h */,
				0413BE8323C766BE00275C30 /* ProgressLayer.m */,
				0413BE8523C76C8E00275C30 /* ProgressView.h */,
				0413BE8623C76C8E00275C30 /* ProgressView.m */,
				0413BE8823C8134200275C30 /* ProgressPlay.h */,
				0413BE8923C8134200275C30 /* ProgressPlay.m */,
			);
			path = ProgressButton;
			sourceTree = "<group>";
		};
/* End PBXGroup section */

/* Begin PBXNativeTarget section */
		0413BE6523C7659E00275C30 /* ProgressButton */ = {
			isa = PBXNativeTarget;
			buildConfigurationList = 0413BE7F23C765A100275C30 /* Build configuration list for PBXNativeTarget "ProgressButton" */;
			buildPhases = (
				0413BE6223C7659E00275C30 /* Sources */,
				0413BE6323C7659E00275C30 /* Frameworks */,
				0413BE6423C7659E00275C30 /* Resources */,
			);
			buildRules = (
			);
			dependencies = (
			);
			name = ProgressButton;
			productName = ProgressButton;
			productReference = 0413BE6623C7659E00275C30 /* ProgressButton.app */;
			productType = "com.apple.product-type.application";
		};
/* End PBXNativeTarget section */

/* Begin PBXProject section */
		0413BE5E23C7659E00275C30 /* Project object */ = {
			isa = PBXProject;
			attributes = {
				LastUpgradeCheck = 1120;
				ORGANIZATIONNAME = lwb;
				TargetAttributes = {
					0413BE6523C7659E00275C30 = {
						CreatedOnToolsVersion = 11.2;
					};
				};
			};
			buildConfigurationList = 0413BE6123C7659E00275C30 /* Build configuration list for PBXProject "ProgressButton" */;
			compatibilityVersion = "Xcode 9.3";
			developmentRegion = en;
			hasScannedForEncodings = 0;
			knownRegions = (
				en,
				Base,
			);
			mainGroup = 0413BE5D23C7659E00275C30;
			productRefGroup = 0413BE6723C7659E00275C30 /* Products */;
			projectDirPath = "";
			projectRoot = "";
			targets = (
				0413BE6523C7659E00275C30 /* ProgressButton */,
			);
		};
/* End PBXProject section */

/* Begin PBXResourcesBuildPhase section */
		0413BE6423C7659E00275C30 /* Resources */ = {
			isa = PBXResourcesBuildPhase;
			buildActionMask = 2147483647;
			files = (
				0413BE7923C765A100275C30 /* LaunchScreen.storyboard in Resources */,
				0413BE7623C765A100275C30 /* Assets.xcassets in Resources */,
				0413BE7423C7659F00275C30 /* Main.storyboard in Resources */,
			);
			runOnlyForDeploymentPostprocessing = 0;
		};
/* End PBXResourcesBuildPhase section */

/* Begin PBXSourcesBuildPhase section */
		0413BE6223C7659E00275C30 /* Sources */ = {
			isa = PBXSourcesBuildPhase;
			buildActionMask = 2147483647;
			files = (
				0413BE7123C7659F00275C30 /* ViewController.m in Sources */,
				0413BE8423C766BE00275C30 /* ProgressLayer.m in Sources */,
				0413BE6B23C7659E00275C30 /* AppDelegate.m in Sources */,
				0413BE7C23C765A100275C30 /* main.m in Sources */,
				0413BE6E23C7659F00275C30 /* SceneDelegate.m in Sources */,
				0413BE8A23C8134200275C30 /* ProgressPlay.m in Sources */,
				0413BE8723C76C8E00275C30 /* ProgressView.m in Sources */,
			);
			runOnlyForDeploymentPostprocessing = 0;
		};
/* End PBXSourcesBuildPhase section */

/* Begin PBXVariantGroup section */
		0413BE7223C7659F00275C30 /* Main.storyboard */ = {
			isa = PBXVariantGroup;
			children = (
				0413BE7323C7659F00275C30 /* Base */,
			);
			name = Main.storyboard;
			sourceTree = "<group>";
		};
		0413BE7723C765A100275C30 /* LaunchScreen.storyboard */ = {
			isa = PBXVariantGroup;
			children = (
				0413BE7823C765A100275C30 /* Base */,
			);
			name = LaunchScreen.storyboard;
			sourceTree = "<group>";
		};
/* End PBXVariantGroup section */

/* Begin XCBuildConfiguration section */
		0413BE7D23C765A100275C30 /* Debug */ = {
			isa = XCBuildConfiguration;
			buildSettings = {
				ALWAYS_SEARCH_USER_PATHS = NO;
				CLANG_ANALYZER_NONNULL = YES;
				CLANG_ANALYZER_NUMBER_OBJECT_CONVERSION = YES_AGGRESSIVE;
				CLANG_CXX_LANGUAGE_STANDARD = "gnu++14";
				CLANG_CXX_LIBRARY = "libc++";
				CLANG_ENABLE_MODULES = YES;
				CLANG_ENABLE_OBJC_ARC = YES;
				CLANG_ENABLE_OBJC_WEAK = YES;
				CLANG_WARN_BLOCK_CAPTURE_AUTORELEASING = YES;
				CLANG_WARN_BOOL_CONVERSION = YES;
				CLANG_WARN_COMMA = YES;
				CLANG_WARN_CONSTANT_CONVERSION = YES;
				CLANG_WARN_DEPRECATED_OBJC_IMPLEMENTATIONS = YES;
				CLANG_WARN_DIRECT_OBJC_ISA_USAGE = YES_ERROR;
				CLANG_WARN_DOCUMENTATION_COMMENTS = YES;
				CLANG_WARN_EMPTY_BODY = YES;
				CLANG_WARN_ENUM_CONVERSION = YES;
				CLANG_WARN_INFINITE_RECURSION = YES;
				CLANG_WARN_INT_CONVERSION = YES;
				CLANG_WARN_NON_LITERAL_NULL_CONVERSION = YES;
				CLANG_WARN_OBJC_IMPLICIT_RETAIN_SELF = YES;
				CLANG_WARN_OBJC_LITERAL_CONVERSION = YES;
				CLANG_WARN_OBJC_ROOT_CLASS = YES_ERROR;
				CLANG_WARN_RANGE_LOOP_ANALYSIS = YES;
				CLANG_WARN_STRICT_PROTOTYPES = YES;
				CLANG_WARN_SUSPICIOUS_MOVE = YES;
				CLANG_WARN_UNGUARDED_AVAILABILITY = YES_AGGRESSIVE;
				CLANG_WARN_UNREACHABLE_CODE = YES;
				CLANG_WARN__DUPLICATE_METHOD_MATCH = YES;
				COPY_PHASE_STRIP = NO;
				DEBUG_INFORMATION_FORMAT = dwarf;
				ENABLE_STRICT_OBJC_MSGSEND = YES;
				ENABLE_TESTABILITY = YES;
				GCC_C_LANGUAGE_STANDARD = gnu11;
				GCC_DYNAMIC_NO_PIC = NO;
				GCC_NO_COMMON_BLOCKS = YES;
				GCC_OPTIMIZATION_LEVEL = 0;
				GCC_PREPROCESSOR_DEFINITIONS = (
					"DEBUG=1",
					"$(inherited)",
				);
				GCC_WARN_64_TO_32_BIT_CONVERSION = YES;
				GCC_WARN_ABOUT_RETURN_TYPE = YES_ERROR;
				GCC_WARN_UNDECLARED_SELECTOR = YES;
				GCC_WARN_UNINITIALIZED_AUTOS = YES_AGGRESSIVE;
				GCC_WARN_UNUSED_FUNCTION = YES;
				GCC_WARN_UNUSED_VARIABLE = YES;
				IPHONEOS_DEPLOYMENT_TARGET = 13.2;
				MTL_ENABLE_DEBUG_INFO = INCLUDE_SOURCE;
				MTL_FAST_MATH = YES;
				ONLY_ACTIVE_ARCH = YES;
				SDKROOT = iphoneos;
			};
			name = Debug;
		};
		0413BE7E23C765A100275C30 /* Release */ = {
			isa = XCBuildConfiguration;
			buildSettings = {
				ALWAYS_SEARCH_USER_PATHS = NO;
				CLANG_ANALYZER_NONNULL = YES;
				CLANG_ANALYZER_NUMBER_OBJECT_CONVERSION = YES_AGGRESSIVE;
				CLANG_CXX_LANGUAGE_STANDARD = "gnu++14";
				CLANG_CXX_LIBRARY = "libc++";
				CLANG_ENABLE_MODULES = YES;
				CLANG_ENABLE_OBJC_ARC = YES;
				CLANG_ENABLE_OBJC_WEAK = YES;
				CLANG_WARN_BLOCK_CAPTURE_AUTORELEASING = YES;
				CLANG_WARN_BOOL_CONVERSION = YES;
				CLANG_WARN_COMMA = YES;
				CLANG_WARN_CONSTANT_CONVERSION = YES;
				CLANG_WARN_DEPRECATED_OBJC_IMPLEMENTATIONS = YES;
				CLANG_WARN_DIRECT_OBJC_ISA_USAGE = YES_ERROR;
				CLANG_WARN_DOCUMENTATION_COMMENTS = YES;
				CLANG_WARN_EMPTY_BODY = YES;
				CLANG_WARN_ENUM_CONVERSION = YES;
				CLANG_WARN_INFINITE_RECURSION = YES;
				CLANG_WARN_INT_CONVERSION = YES;
				CLANG_WARN_NON_LITERAL_NULL_CONVERSION = YES;
				CLANG_WARN_OBJC_IMPLICIT_RETAIN_SELF = YES;
				CLANG_WARN_OBJC_LITERAL_CONVERSION = YES;
				CLANG_WARN_OBJC_ROOT_CLASS = YES_ERROR;
				CLANG_WARN_RANGE_LOOP_ANALYSIS = YES;
				CLANG_WARN_STRICT_PROTOTYPES = YES;
				CLANG_WARN_SUSPICIOUS_MOVE = YES;
				CLANG_WARN_UNGUARDED_AVAILABILITY = YES_AGGRESSIVE;
				CLANG_WARN_UNREACHABLE_CODE = YES;
				CLANG_WARN__DUPLICATE_METHOD_MATCH = YES;
				COPY_PHASE_STRIP = NO;
				DEBUG_INFORMATION_FORMAT = "dwarf-with-dsym";
				ENABLE_NS_ASSERTIONS = NO;
				ENABLE_STRICT_OBJC_MSGSEND = YES;
				GCC_C_LANGUAGE_STANDARD = gnu11;
				GCC_NO_COMMON_BLOCKS = YES;
				GCC_WARN_64_TO_32_BIT_CONVERSION = YES;
				GCC_WARN_ABOUT_RETURN_TYPE = YES_ERROR;
				GCC_WARN_UNDECLARED_SELECTOR = YES;
				GCC_WARN_UNINITIALIZED_AUTOS = YES_AGGRESSIVE;
				GCC_WARN_UNUSED_FUNCTION = YES;
				GCC_WARN_UNUSED_VARIABLE = YES;
				IPHONEOS_DEPLOYMENT_TARGET = 13.2;
				MTL_ENABLE_DEBUG_INFO = NO;
				MTL_FAST_MATH = YES;
				SDKROOT = iphoneos;
				VALIDATE_PRODUCT = YES;
			};
			name = Release;
		};
		0413BE8023C765A100275C30 /* Debug */ = {
			isa = XCBuildConfiguration;
			buildSettings = {
				ASSETCATALOG_COMPILER_APPICON_NAME = AppIcon;
				CODE_SIGN_STYLE = Automatic;
				DEVELOPMENT_TEAM = TFRA46CFZP;
				INFOPLIST_FILE = ProgressButton/Info.plist;
				LD_RUNPATH_SEARCH_PATHS = (
					"$(inherited)",
					"@executable_path/Frameworks",
				);
				PRODUCT_BUNDLE_IDENTIFIER = unix.ProgressButton;
				PRODUCT_NAME = "$(TARGET_NAME)";
				TARGETED_DEVICE_FAMILY = "1,2";
			};
			name = Debug;
		};
		0413BE8123C765A100275C30 /* Release */ = {
			isa = XCBuildConfiguration;
			buildSettings = {
				ASSETCATALOG_COMPILER_APPICON_NAME = AppIcon;
				CODE_SIGN_STYLE = Automatic;
				DEVELOPMENT_TEAM = TFRA46CFZP;
				INFOPLIST_FILE = ProgressButton/Info.plist;
				LD_RUNPATH_SEARCH_PATHS = (
					"$(inherited)",
					"@executable_path/Frameworks",
				);
				PRODUCT_BUNDLE_IDENTIFIER = unix.ProgressButton;
				PRODUCT_NAME = "$(TARGET_NAME)";
				TARGETED_DEVICE_FAMILY = "1,2";
			};
			name = Release;
		};
/* End XCBuildConfiguration section */

/* Begin XCConfigurationList section */
		0413BE6123C7659E00275C30 /* Build configuration list for PBXProject "ProgressButton" */ = {
			isa = XCConfigurationList;
			buildConfigurations = (
				0413BE7D23C765A100275C30 /* Debug */,
				0413BE7E23C765A100275C30 /* Release */,
			);
			defaultConfigurationIsVisible = 0;
			defaultConfigurationName = Release;
		};
		0413BE7F23C765A100275C30 /* Build configuration list for PBXNativeTarget "ProgressButton" */ = {
			isa = XCConfigurationList;
			buildConfigurations = (
				0413BE8023C765A100275C30 /* Debug */,
				0413BE8123C765A100275C30 /* Release */,
			);
			defaultConfigurationIsVisible = 0;
			defaultConfigurationName = Release;
		};
/* End XCConfigurationList section */
	};
	rootObject = 0413BE5E23C7659E00275C30 /* Project object */;
}
